
Microsoft Visual Studio Solution File, Format Version 12.00
# Visual Studio Version 17
VisualStudioVersion = 17.5.33516.290
MinimumVisualStudioVersion = 10.0.40219.1
Project("{FAE04EC0-301F-11D3-BF4B-00C04F79EFBC}") = "LifeShop", "LifeShop.csproj", "{4563B2B8-9721-4B9B-A406-B7D7E53244A6}"
EndProject
Global
	GlobalSection(SolutionConfigurationPlatforms) = preSolution
		Debug|Any CPU = Debug|Any CPU
		Release|Any CPU = Release|Any CPU
	EndGlobalSection
	GlobalSection(ProjectConfigurationPlatforms) = postSolution
		{4563B2B8-9721-4B9B-A406-B7D7E53244A6}.Debug|Any CPU.ActiveCfg = Debug|Any CPU
		{4563B2B8-9721-4B9B-A406-B7D7E53244A6}.Debug|Any CPU.Build.0 = Debug|Any CPU
		{4563B2B8-9721-4B9B-A406-B7D7E53244A6}.Release|Any CPU.ActiveCfg = Release|Any CPU
		{4563B2B8-9721-4B9B-A406-B7D7E53244A6}.Release|Any CPU.Build.0 = Release|Any CPU
	EndGlobalSection
	GlobalSection(SolutionProperties) = preSolution
		HideSolutionNode = FALSE
	EndGlobalSection
	GlobalSection(ExtensibilityGlobals) = postSolution
		SolutionGuid = {22FA9763-29DB-4DF3-A966-CA2A96BA8CF8}
	EndGlobalSection
EndGlobal
